PackratFormat: 1.4
PackratVersion: 0.6.0
RVersion: 4.0.2
Repos: MRAN=https://mran.microsoft.com/snapshot/2020-04-24,
    CRAN=http://cran.rstudio.com

Package: DBI
Source: CRAN
Version: 1.1.2
Hash: dd5a8ce809e086244f5cfa75cb68b340

Package: R6
Source: CRAN
Version: 2.5.1
Hash: 54378e523d0281f8d38c379484a3b7b5

Package: Rcpp
Source: CRAN
Version: 1.0.8
Hash: 3df4daa515b6d8e1dc03423c0acc782a

Package: V8
Source: CRAN
Version: 4.0.0
Hash: bb3a530843e14c2f466ce325b205fe24
Requires: Rcpp, curl, jsonlite

Package: askpass
Source: CRAN
Version: 1.1
Hash: 6f6c430e3cd0dd7d48f447700f4d7e7f
Requires: sys

Package: base64enc
Source: CRAN
Version: 0.1-3
Hash: c590d29e555926af053055e23ee79efb

Package: bit
Source: CRAN
Version: 4.0.4
Hash: 75dd3abfa313c948b007aef6dedd3c87

Package: bit64
Source: CRAN
Version: 4.0.5
Hash: f82a5f545b6ed024639c3b9358c5e19f
Requires: bit

Package: brew
Source: CRAN
Version: 1.0-6
Hash: 931f9972deae0f205e1c78a51f33149b

Package: brio
Source: CRAN
Version: 1.1.3
Hash: 161bbc04576cd2712c0150d69f757afe

Package: cachem
Source: CRAN
Version: 1.0.6
Hash: e1d5d860b02caa2f56f038b3b8259160
Requires: fastmap, rlang

Package: callr
Source: CRAN
Version: 3.7.0
Hash: 548499537ed2865bf976762454bf550e
Requires: R6, processx

Package: classInt
Source: CRAN
Version: 0.4-3
Hash: 40f1a7fc0254fffd9bf6e5ee046de859
Requires: e1071

Package: cli
Source: CRAN
Version: 3.1.1
Hash: 4abff8a04352c5f907bd2bbc36d21a8f
Requires: glue

Package: clipr
Source: CRAN
Version: 0.7.1
Hash: 50bca21c0c36d24984b051077cb15cf3

Package: commonmark
Source: CRAN
Version: 1.7
Hash: 77f4ba718e2bad1877ef26e48cf8fa43

Package: cpp11
Source: CRAN
Version: 0.4.2
Hash: fb849cc15463edbe2435b0ef5d110294

Package: crayon
Source: CRAN
Version: 1.4.2
Hash: dacf58190af3a588ba3cd2bea3462410

Package: credentials
Source: CRAN
Version: 1.3.2
Hash: 5b1cfc28dd5c7631e1cdffa09f79b237
Requires: askpass, sys, curl, jsonlite, openssl

Package: crul
Source: CRAN
Version: 1.2.0
Hash: 27ac9fc367b6f2824777cd09ac032b19
Requires: R6, curl, jsonlite, httpcode, mime, urltools

Package: curl
Source: CRAN
Version: 4.3.2
Hash: d86657acb12374a8e24ed4568ed63359

Package: desc
Source: CRAN
Version: 1.4.0
Hash: e3942af922c9cd89bebf1e66752dc168
Requires: R6, crayon, rprojroot

Package: devtools
Source: CRAN
Version: 2.4.3
Hash: 3292e563c8a11d6c361336ef263fb1f0
Requires: callr, cli, desc, rlang, ellipsis, fs, httr, lifecycle,
    memoise, pkgbuild, pkgload, rcmdcheck, remotes, roxygen2,
    rstudioapi, rversions, sessioninfo, testthat, usethis, withr

Package: diffobj
Source: CRAN
Version: 0.3.5
Hash: 578796bf3d5e5bcbc07e9886a1d6a4d2
Requires: crayon

Package: digest
Source: CRAN
Version: 0.6.29
Hash: 071cc93357d7c2a5812d5cf348ce3272

Package: e1071
Source: CRAN
Version: 1.7-9
Hash: e95f554d2fb83b022c26584cd54cb947
Requires: proxy

Package: ellipsis
Source: CRAN
Version: 0.3.2
Hash: b21bfc48556c0c6a93fc9ede6c00cfaf
Requires: rlang

Package: evaluate
Source: CRAN
Version: 0.14
Hash: 18306cc3bc1aec7b7360eea8a0eb0ee1

Package: fansi
Source: CRAN
Version: 1.0.2
Hash: 7984b101163b9d4410c7a52e7183a467

Package: fastmap
Source: CRAN
Version: 1.1.0
Hash: e4d212b14d40b91c791c0b9d3b6ffd99

Package: fs
Source: CRAN
Version: 1.5.2
Hash: ee8c2601709c5937c283cdcb2625fdd9

Package: geojson
Source: CRAN
Version: 0.3.4
Hash: d467c0c75d4a36ba4685f5ed7ed7c917
Requires: jsonlite, magrittr, jqr, lazyeval, protolite, sp

Package: geojsonio
Source: CRAN
Version: 0.9.4
Hash: 08a74304cd9c080963e9a3013d13d3fd
Requires: crul, geojson, jqr, jsonlite, magrittr, sp, V8, geojsonsf,
    maptools, readr, rgeos, sf

Package: geojsonsf
Source: CRAN
Version: 2.0.1
Hash: fa5e3650da748aeca0e24589323a1fdc
Requires: Rcpp, geometries, jsonify, rapidjsonr, sfheaders

Package: geometries
Source: CRAN
Version: 0.2.0
Hash: f8d513aee681ee922e5d5d8e8762732c
Requires: Rcpp

Package: gert
Source: CRAN
Version: 1.5.0
Hash: 9e895e2bb6c7b6fcfd340c18ad50180a
Requires: askpass, credentials, openssl, rstudioapi, sys, zip

Package: gh
Source: CRAN
Version: 1.3.0
Hash: b2943afd4ad40fe9c08579bb031dfbf2
Requires: cli, httr, jsonlite, gitcreds, ini

Package: gitcreds
Source: CRAN
Version: 0.1.1
Hash: 98010d78f363a29de674a252087aa340

Package: glue
Source: CRAN
Version: 1.6.0
Hash: bc7f83ae9893296fad81df5f89efba12

Package: highr
Source: CRAN
Version: 0.9
Hash: 375daf47b5970a62560496bb8c6b996e
Requires: xfun

Package: hms
Source: CRAN
Version: 1.1.1
Hash: 788cba0290407b815f3c15e6967079cd
Requires: ellipsis, lifecycle, pkgconfig, rlang, vctrs

Package: htmltools
Source: CRAN
Version: 0.5.2
Hash: b28ba309140d26d4c282c4b5f91240aa
Requires: base64enc, digest, fastmap, rlang

Package: htmlwidgets
Source: CRAN
Version: 1.5.4
Hash: 63ef3b783eb7653d212a0f3f22a5f98d
Requires: htmltools, jsonlite, yaml

Package: httpcode
Source: CRAN
Version: 0.3.0
Hash: 1375ef892f669b895da7ef51e8e17464

Package: httr
Source: CRAN
Version: 1.4.2
Hash: 2ad813eba37ce1f357434789aa8b6132
Requires: R6, curl, jsonlite, mime, openssl

Package: ini
Source: CRAN
Version: 0.3.1
Hash: 9d6de5178c1cedabfb24e7d2acc9a092

Package: jqr
Source: CRAN
Version: 1.2.2
Hash: f66d148e548a792031692aafaea039f8
Requires: magrittr, lazyeval

Package: jsonify
Source: CRAN
Version: 1.2.1
Hash: 7d5b10eed34434d1623a9869943100f3
Requires: Rcpp, rapidjsonr

Package: jsonlite
Source: CRAN
Version: 1.7.3
Hash: 385d50ea47eae605b9aa2da1f13c97ff

Package: knitr
Source: CRAN
Version: 1.37
Hash: 7be5857187d4d698d896c773d8e1179d
Requires: evaluate, highr, stringr, xfun, yaml

Package: lazyeval
Source: CRAN
Version: 0.2.2
Hash: 563563691bea3cde6945a98996d7c166

Package: lifecycle
Source: CRAN
Version: 1.0.1
Hash: 30efedcf3d4478fe2e755b3b256f809a
Requires: glue, rlang

Package: magrittr
Source: CRAN
Version: 2.0.1
Hash: d3c166b0573ae8c918edf7221dfe7380

Package: maptools
Source: CRAN
Version: 1.1-2
Hash: 22223ede6c386e84831eae34efa77c91
Requires: sp

Package: memoise
Source: CRAN
Version: 2.0.1
Hash: fa0687ee20196d8aa4e2d724cb0f7199
Requires: cachem, rlang

Package: mime
Source: CRAN
Version: 0.12
Hash: 98a37137be334916af8af26354bb37e9

Package: openssl
Source: CRAN
Version: 1.4.6
Hash: f45c729965fa56794a61c2b404e2bc07
Requires: askpass

Package: packrat
Source: CRAN
Version: 0.6.0
Hash: 62fd532b7524f498caa3cf4cc5f15490

Package: pillar
Source: CRAN
Version: 1.6.5
Hash: 2af41e8447ddea283c370c474e14331b
Requires: cli, crayon, ellipsis, fansi, glue, lifecycle, rlang, utf8,
    vctrs

Package: pkgbuild
Source: CRAN
Version: 1.3.1
Hash: 335d0c61be2d8f0e1d84b43a30056a71
Requires: R6, callr, cli, crayon, desc, rprojroot, prettyunits, withr

Package: pkgconfig
Source: CRAN
Version: 2.0.3
Hash: 5ff5f2361851a49534c96caa2a8071c7

Package: pkgload
Source: CRAN
Version: 1.2.4
Hash: 2f35c7234d7d1ccf402fa8a939771cf6
Requires: cli, crayon, desc, rlang, rprojroot, withr, rstudioapi

Package: praise
Source: CRAN
Version: 1.0.0
Hash: 77da8f1df873a4b91e5c4a68fe2fb1b6

Package: prettyunits
Source: CRAN
Version: 1.1.1
Hash: 20669cd8bb8b3207f6371edf8cf510af

Package: processx
Source: CRAN
Version: 3.5.2
Hash: cc352f004474226a589b7028fb4aa0b7
Requires: R6, ps

Package: progress
Source: CRAN
Version: 1.2.2
Hash: 209280eb751acf5899f7c69366e14bd3
Requires: R6, crayon, hms, prettyunits

Package: protolite
Source: CRAN
Version: 2.1.1
Hash: b8eef346494b4d617544806fb536f96d
Requires: Rcpp, jsonlite

Package: proxy
Source: CRAN
Version: 0.4-26
Hash: 80f48c2dfc40f70e83d918fbcc800222

Package: ps
Source: CRAN
Version: 1.6.0
Hash: ff1b2fafdb6239700fdf0f96f99cce87

Package: purrr
Source: CRAN
Version: 0.3.4
Hash: fb4c0edca61826ca0b5b33c828a7b276
Requires: magrittr, rlang

Package: rapidjsonr
Source: CRAN
Version: 1.2.0
Hash: 5d620e559bb944dc2dd4da97b37e568d

Package: rappdirs
Source: CRAN
Version: 0.3.3
Hash: fd602edfd7dbf365642e35dd9cc97958

Package: rcmdcheck
Source: CRAN
Version: 1.4.0
Hash: 66ad435fb6426602dcab6b3a6b0305d9
Requires: R6, callr, cli, curl, desc, pkgbuild, prettyunits, rprojroot,
    withr, digest, sessioninfo, xopen

Package: readr
Source: CRAN
Version: 2.1.1
Hash: 865b65655d69bc7df189a5aac302a868
Requires: R6, cli, clipr, cpp11, crayon, lifecycle, rlang, tibble, hms,
    tzdb, vroom

Package: rematch2
Source: CRAN
Version: 2.1.2
Hash: b6823f74d6525d39d153620d21e206df
Requires: tibble

Package: remotes
Source: CRAN
Version: 2.4.2
Hash: ab3e23455f6ed9282b5d90845eb35da8

Package: rgeos
Source: CRAN
Version: 0.5-9
Hash: c8009c848dbbe4bf3c7842cafa484f60
Requires: sp

Package: rlang
Source: CRAN
Version: 0.4.12
Hash: ad941c2183fd3f7695750d7a3ee4e350

Package: roxygen2
Source: CRAN
Version: 7.1.2
Hash: a0afe6188a4353296e3a2847948779c6
Requires: R6, brew, commonmark, cpp11, desc, digest, pkgload, rlang,
    knitr, purrr, stringi, stringr, xml2

Package: rprojroot
Source: CRAN
Version: 2.0.2
Hash: bdb6a7f2b3c25b8c710615cefdde1af0

Package: rsconnect
Source: CRAN
Version: 0.8.25
Hash: d1e8e2f943b03fe2660342556c290df8
Requires: curl, digest, jsonlite, openssl, packrat, rstudioapi, yaml

Package: rstudioapi
Source: CRAN
Version: 0.13
Hash: dab1619920bed1f1660a3d48e4f7cc7f

Package: rversions
Source: CRAN
Version: 2.1.1
Hash: 2d03f1f7cded2ba22753d7c710967d79
Requires: curl, xml2

Package: s2
Source: CRAN
Version: 1.0.7
Hash: 8f3501f88be9cfa01c6685554aeb049e
Requires: Rcpp, wk

Package: sessioninfo
Source: CRAN
Version: 1.2.2
Hash: 9626b28fb28a06a419066289acb1c59d
Requires: cli

Package: sf
Source: CRAN
Version: 1.0-5
Hash: a95b534069435ca70af380d2011315c5
Requires: DBI, Rcpp, classInt, magrittr, s2, units

Package: sfheaders
Source: CRAN
Version: 0.4.0
Hash: 8b2d31412722a1c9f378ef4c0b117f8d
Requires: Rcpp, geometries

Package: sp
Source: CRAN
Version: 1.4-6
Hash: 147a2b3996cdafad0eab38949cd57b3a

Package: stringi
Source: CRAN
Version: 1.7.6
Hash: 81acb1046bfde93c2f07f71fb7dc2360

Package: stringr
Source: CRAN
Version: 1.4.0
Hash: 67da32dbb2a7a16f2ef124336358e54a
Requires: glue, magrittr, stringi

Package: sys
Source: CRAN
Version: 3.4
Hash: 7fb0c9e1209a804b329a7df3cd422008

Package: testthat
Source: CRAN
Version: 3.1.2
Hash: 042e0e5b2a604bfac14a15868ccf94f7
Requires: R6, brio, callr, cli, crayon, desc, digest, ellipsis,
    evaluate, jsonlite, lifecycle, magrittr, pkgload, processx, ps,
    rlang, withr, praise, waldo

Package: tibble
Source: CRAN
Version: 3.1.6
Hash: 78da3dc55e90b2638400cdaad3f981e1
Requires: ellipsis, fansi, lifecycle, magrittr, rlang, pillar,
    pkgconfig, vctrs

Package: tidyselect
Source: CRAN
Version: 1.1.1
Hash: 6415fa4c6b3b5417aa4d3381845d654c
Requires: ellipsis, glue, purrr, rlang, vctrs

Package: triebeard
Source: CRAN
Version: 0.3.0
Hash: e71f5b1d1ad2c1175d24436f6e664e27
Requires: Rcpp

Package: tzdb
Source: CRAN
Version: 0.2.0
Hash: ffa77350ea4b3ea104c12d461471c0a8
Requires: cpp11

Package: units
Source: CRAN
Version: 0.7-2
Hash: d8a9f56e466904d476bcc7d53d755ce0
Requires: Rcpp

Package: urltools
Source: CRAN
Version: 1.7.3
Hash: 25e99214d98fcb1602dba454d91067da
Requires: Rcpp, triebeard

Package: usethis
Source: CRAN
Version: 2.1.5
Hash: 5d5c57cb090f385f0e9221331d3e4a8d
Requires: cli, clipr, crayon, curl, desc, fs, glue, jsonlite,
    lifecycle, purrr, rlang, rprojroot, rstudioapi, withr, yaml, gert,
    gh, rappdirs, whisker

Package: utf8
Source: CRAN
Version: 1.2.2
Hash: ae77ea6ebb503eaa6ee3b7ca80ea4f1b

Package: vctrs
Source: CRAN
Version: 0.3.8
Hash: e2e7a28fd30d8df018965c923afd1195
Requires: ellipsis, glue, rlang

Package: vroom
Source: CRAN
Version: 1.5.7
Hash: 85426477155898abf88858667ddc0670
Requires: bit64, cli, cpp11, crayon, glue, hms, lifecycle, rlang,
    tibble, tzdb, vctrs, withr, progress, tidyselect

Package: waldo
Source: CRAN
Version: 0.3.1
Hash: 4223f1e02ba18f4d8d241b01a54a1c77
Requires: cli, glue, rlang, diffobj, fansi, rematch2, tibble

Package: whisker
Source: CRAN
Version: 0.4
Hash: 5b1ec05cd96c1e0c6048bab49abee3aa

Package: withr
Source: CRAN
Version: 2.4.3
Hash: 6dad60bd1e74897fb07a15ce3b65e305

Package: wk
Source: CRAN
Version: 0.6.0
Hash: a83de57c09a0adbc700aa41181fa7a98

Package: xfun
Source: CRAN
Version: 0.29
Hash: 573e7e47838596bd7067a4297d31f6f4

Package: xml2
Source: CRAN
Version: 1.3.3
Hash: cef8db3a417c45d9fa118412f7b10e92

Package: xopen
Source: CRAN
Version: 1.0.0
Hash: 22c2708f177f9fd9f8a52012bac61d6a
Requires: processx

Package: yaml
Source: CRAN
Version: 2.2.2
Hash: 80947715d405af62e28f4cda3f1fce8f

Package: zip
Source: CRAN
Version: 2.2.0
Hash: 7a2bdad5f5de31294483fb4ac4e1e0c0
